{
  "originHash" : "897f6da3e5440c3f46ebd72a5591a9e567fd542508eee712dbf8a6cd2df957d2",
  "pins" : [
    {
      "identity" : "swiftapiadapter",
      "kind" : "remoteSourceControl",
      "location" : "https://github.com/RayKitajima/SwiftApiAdapter",
      "state" : {
        "branch" : "main",
        "revision" : "a2b4db27ca05c0ccbbe1f07e4752481d4ff4361d"
      }
    },
    {
      "identity" : "swiftsoup",
      "kind" : "remoteSourceControl",
      "location" : "https://github.com/scinfu/SwiftSoup",
      "state" : {
        "revision" : "3c2c7e1e72b8abd96eafbae80323c5c1e5317437",
        "version" : "2.7.5"
      }
    },
    {
      "identity" : "swiftyjson",
      "kind" : "remoteSourceControl",
      "location" : "https://github.com/SwiftyJSON/SwiftyJSON",
      "state" : {
        "revision" : "af76cf3ef710b6ca5f8c05f3a31307d44a3c5828",
        "version" : "5.0.2"
      }
    }
  ],
  "version" : 3
}
